
Microsoft Visual Studio Solution File, Format Version 12.00
# Visual Studio Version 16
VisualStudioVersion = 16.0.30128.74
MinimumVisualStudioVersion = 10.0.40219.1
Project("{FAE04EC0-301F-11D3-BF4B-00C04F79EFBC}") = "MysteryBytesSignIn", "MysteryBytesSignIn\MysteryBytesSignIn.csproj", "{C2683380-A541-4C6D-A4F6-A5DFE1F1AE24}"
EndProject
Global
	GlobalSection(SolutionConfigurationPlatforms) = preSolution
		Debug|Any CPU = Debug|Any CPU
		Release|Any CPU = Release|Any CPU
	EndGlobalSection
	GlobalSection(ProjectConfigurationPlatforms) = postSolution
		{C2683380-A541-4C6D-A4F6-A5DFE1F1AE24}.Debug|Any CPU.ActiveCfg = Debug|Any CPU
		{C2683380-A541-4C6D-A4F6-A5DFE1F1AE24}.Debug|Any CPU.Build.0 = Debug|Any CPU
		{C2683380-A541-4C6D-A4F6-A5DFE1F1AE24}.Release|Any CPU.ActiveCfg = Release|Any CPU
		{C2683380-A541-4C6D-A4F6-A5DFE1F1AE24}.Release|Any CPU.Build.0 = Release|Any CPU
	EndGlobalSection
	GlobalSection(SolutionProperties) = preSolution
		HideSolutionNode = FALSE
	EndGlobalSection
	GlobalSection(ExtensibilityGlobals) = postSolution
		SolutionGuid = {B30DEAF1-ED3F-47B8-AFCA-F00FECC1646B}
	EndGlobalSection
EndGlobal
